
Microsoft Visual Studio Solution File, Format Version 12.00
# Visual Studio Version 17
VisualStudioVersion = 17.8.34330.188
MinimumVisualStudioVersion = 10.0.40219.1
Project("{FAE04EC0-301F-11D3-BF4B-00C04F79EFBC}") = "MicrosServices", "MicrosServices\MicrosServices.csproj", "{555BFC80-7DEB-43D4-9681-D6992AD3CB3D}"
EndProject
Project("{FAE04EC0-301F-11D3-BF4B-00C04F79EFBC}") = "MicroA", "MicroA\MicroA.csproj", "{5AC73028-26B0-48F5-A86F-BA6D5902E1E0}"
EndProject
Project("{FAE04EC0-301F-11D3-BF4B-00C04F79EFBC}") = "MicroB", "MicroB\MicroB.csproj", "{B1D40AA5-715B-40F8-A432-4CE5FADA49F7}"
EndProject
Global
	GlobalSection(SolutionConfigurationPlatforms) = preSolution
		Debug|Any CPU = Debug|Any CPU
		Release|Any CPU = Release|Any CPU
	EndGlobalSection
	GlobalSection(ProjectConfigurationPlatforms) = postSolution
		{555BFC80-7DEB-43D4-9681-D6992AD3CB3D}.Debug|Any CPU.ActiveCfg = Debug|Any CPU
		{555BFC80-7DEB-43D4-9681-D6992AD3CB3D}.Debug|Any CPU.Build.0 = Debug|Any CPU
		{555BFC80-7DEB-43D4-9681-D6992AD3CB3D}.Release|Any CPU.ActiveCfg = Release|Any CPU
		{555BFC80-7DEB-43D4-9681-D6992AD3CB3D}.Release|Any CPU.Build.0 = Release|Any CPU
		{5AC73028-26B0-48F5-A86F-BA6D5902E1E0}.Debug|Any CPU.ActiveCfg = Debug|Any CPU
		{5AC73028-26B0-48F5-A86F-BA6D5902E1E0}.Debug|Any CPU.Build.0 = Debug|Any CPU
		{5AC73028-26B0-48F5-A86F-BA6D5902E1E0}.Release|Any CPU.ActiveCfg = Release|Any CPU
		{5AC73028-26B0-48F5-A86F-BA6D5902E1E0}.Release|Any CPU.Build.0 = Release|Any CPU
		{B1D40AA5-715B-40F8-A432-4CE5FADA49F7}.Debug|Any CPU.ActiveCfg = Debug|Any CPU
		{B1D40AA5-715B-40F8-A432-4CE5FADA49F7}.Debug|Any CPU.Build.0 = Debug|Any CPU
		{B1D40AA5-715B-40F8-A432-4CE5FADA49F7}.Release|Any CPU.ActiveCfg = Release|Any CPU
		{B1D40AA5-715B-40F8-A432-4CE5FADA49F7}.Release|Any CPU.Build.0 = Release|Any CPU
	EndGlobalSection
	GlobalSection(SolutionProperties) = preSolution
		HideSolutionNode = FALSE
	EndGlobalSection
	GlobalSection(ExtensibilityGlobals) = postSolution
		SolutionGuid = {E6D4E36C-C533-4766-B280-E2FF0F4AF2DC}
	EndGlobalSection
EndGlobal
